id: iNETS_SIVERSControl_evk_set_beams_TX_dual_SPI
label: Set Beams over SPI for EVK - Dual-Band TX
category: '[iNETS_SIVERSControl]'

templates:
  imports: from gnuradio import iNETS_SIVERSControl
  make: iNETS_SIVERSControl.evk_set_beams_TX_dual_SPI(self.${usrp_obj}, ${length_tag_name}, 
                             ${beam_tag_name}, ${initial_beam_index},
                             ${SPI_CLK_PIN_28}, ${SPI_SDI_PIN_28},
                             ${SPI_SDO_PIN_28}, ${SPI_CS_PIN_28},
                             ${SPI_CLK_PIN_60}, ${SPI_SDI_PIN_60},
                             ${SPI_SDO_PIN_60}, ${SPI_CS_PIN_60},
                             ${SPI_CLK_DIV}, ${SPI_GPIO_PORT})

parameters:
- id: usrp_obj
  label: ID of USRP block
  dtype: id
  default: uhd_usrp_sink_0
  
- id: length_tag_name
  label: Length Tag Name
  dtype: string
  default: "packet_len"

- id: beam_tag_name
  label: Beam Tag Name
  dtype: string
  default: "tx_beam_id"
  
- id: initial_beam_index
  label: Initial Beam Index
  dtype: int
  default: 11
  
- id: SPI_CLK_PIN_28
  label: SPI Clock pin for 28G
  dtype: int
  default: 0
  
- id: SPI_SDI_PIN_28
  label: SPI Serial Data In pin for 28G
  dtype: int
  default: 2
  
- id: SPI_SDO_PIN_28
  label: SPI Serial Data Out pin for 28G
  dtype: int
  default: 1
  
- id: SPI_CS_PIN_28
  label: SPI Chip Select pin for 28G
  dtype: int
  default: 3
  
- id: SPI_CLK_PIN_60
  label: SPI Clock pin for 60G
  dtype: int
  default: 11
  
- id: SPI_SDI_PIN_60
  label: SPI Serial Data In pin for 60G
  dtype: int
  default: 9
  
- id: SPI_SDO_PIN_60
  label: SPI Serial Data Out pin for 60G
  dtype: int
  default: 10
  
- id: SPI_CS_PIN_60
  label: SPI Chip Select pin for 60G
  dtype: int
  default: 8
  
- id: SPI_CLK_DIV
  label: SPI Clock Divider value
  dtype: int
  default: 24
  
- id: SPI_GPIO_PORT
  label: SPI GPIO port to be used
  dtype: string
  options: ["GPIO0", "GPIO1"]
  option_labels: ["GPIO0", "GPIO1"]

inputs:
- label: in
  domain: complex

outputs:
- label: out
  domain: complex

#  'file_format' specifies the version of the GRC yml format used in the file
#  and should usually not be changed.
file_format: 1
